
Microsoft Visual Studio Solution File, Format Version 12.00
# Visual Studio Version 16
VisualStudioVersion = 16.0.29209.62
MinimumVisualStudioVersion = 10.0.40219.1
Project("{FAE04EC0-301F-11D3-BF4B-00C04F79EFBC}") = "QuanLyVuonThu", "QuanLyVuonThu\QuanLyVuonThu.csproj", "{B4B99AEF-0EB5-4629-9B5C-D22D0E620EF7}"
EndProject
Global
	GlobalSection(SolutionConfigurationPlatforms) = preSolution
		Debug|Any CPU = Debug|Any CPU
		Release|Any CPU = Release|Any CPU
	EndGlobalSection
	GlobalSection(ProjectConfigurationPlatforms) = postSolution
		{B4B99AEF-0EB5-4629-9B5C-D22D0E620EF7}.Debug|Any CPU.ActiveCfg = Debug|Any CPU
		{B4B99AEF-0EB5-4629-9B5C-D22D0E620EF7}.Debug|Any CPU.Build.0 = Debug|Any CPU
		{B4B99AEF-0EB5-4629-9B5C-D22D0E620EF7}.Release|Any CPU.ActiveCfg = Release|Any CPU
		{B4B99AEF-0EB5-4629-9B5C-D22D0E620EF7}.Release|Any CPU.Build.0 = Release|Any CPU
	EndGlobalSection
	GlobalSection(SolutionProperties) = preSolution
		HideSolutionNode = FALSE
	EndGlobalSection
	GlobalSection(ExtensibilityGlobals) = postSolution
		SolutionGuid = {E66EBEA5-4549-4460-BF18-5AD9B5C1D7D6}
	EndGlobalSection
EndGlobal
